
Microsoft Visual Studio Solution File, Format Version 12.00
# Visual Studio Version 17
VisualStudioVersion = 17.0.31903.59
MinimumVisualStudioVersion = 10.0.40219.1
Project("{2150E333-8FDC-42A3-9474-1A3956D46DE8}") = "src", "src", "{827E0CD3-B72D-47B6-A68D-7590B98EB39B}"
EndProject
Project("{FAE04EC0-301F-11D3-BF4B-00C04F79EFBC}") = "GoldSrcOps.A2SSpike", "src\GoldSrcOps.A2SSpike\GoldSrcOps.A2SSpike.csproj", "{2B931521-6FB2-41AF-A4C6-C2C08B248286}"
EndProject
Project("{FAE04EC0-301F-11D3-BF4B-00C04F79EFBC}") = "GoldSrcOps.Api", "src\GoldSrcOps.Api\GoldSrcOps.Api.csproj", "{AA303243-0DBF-4EFA-95F9-1E0B925CA0A7}"
EndProject
Project("{FAE04EC0-301F-11D3-BF4B-00C04F79EFBC}") = "GoldSrcOps.Contracts", "src\GoldSrcOps.Contracts\GoldSrcOps.Contracts.csproj", "{B9D80619-429A-49F5-B3C0-A1BFEF2CC88A}"
EndProject
Project("{FAE04EC0-301F-11D3-BF4B-00C04F79EFBC}") = "GoldSrcOps.Application", "src\GoldSrcOps.Application\GoldSrcOps.Application.csproj", "{D8095E55-E057-4ACB-8789-8569ED8EF6C5}"
EndProject
Project("{FAE04EC0-301F-11D3-BF4B-00C04F79EFBC}") = "GoldSrcOps.Domain", "src\GoldSrcOps.Domain\GoldSrcOps.Domain.csproj", "{13BB9EF8-4900-411B-9595-B66580E1D43B}"
EndProject
Project("{FAE04EC0-301F-11D3-BF4B-00C04F79EFBC}") = "GoldSrcOps.Infrastructure", "src\GoldSrcOps.Infrastructure\GoldSrcOps.Infrastructure.csproj", "{EFFB8C21-B10A-47FD-9BD6-AF7CC2529D78}"
EndProject
Project("{2150E333-8FDC-42A3-9474-1A3956D46DE8}") = "tests", "tests", "{0AB3BF05-4346-4AA6-1389-037BE0695223}"
EndProject
Project("{FAE04EC0-301F-11D3-BF4B-00C04F79EFBC}") = "GoldSrcOps.UnitTests", "tests\GoldSrcOps.UnitTests\GoldSrcOps.UnitTests.csproj", "{2F89F4D3-67A1-4BA5-9086-91DF3791ABC6}"
EndProject
Project("{FAE04EC0-301F-11D3-BF4B-00C04F79EFBC}") = "GoldSrcOps.AvailabilityExporter", "src\GoldSrcOps.AvailabilityExporter\GoldSrcOps.AvailabilityExporter.csproj", "{3DF86A90-BD54-4180-A177-5F47C900ED53}"
EndProject
Global
	GlobalSection(SolutionConfigurationPlatforms) = preSolution
		Debug|Any CPU = Debug|Any CPU
		Debug|x64 = Debug|x64
		Debug|x86 = Debug|x86
		Release|Any CPU = Release|Any CPU
		Release|x64 = Release|x64
		Release|x86 = Release|x86
	EndGlobalSection
	GlobalSection(ProjectConfigurationPlatforms) = postSolution
		{2B931521-6FB2-41AF-A4C6-C2C08B248286}.Debug|Any CPU.ActiveCfg = Debug|Any CPU
		{2B931521-6FB2-41AF-A4C6-C2C08B248286}.Debug|Any CPU.Build.0 = Debug|Any CPU
		{2B931521-6FB2-41AF-A4C6-C2C08B248286}.Debug|x64.ActiveCfg = Debug|Any CPU
		{2B931521-6FB2-41AF-A4C6-C2C08B248286}.Debug|x64.Build.0 = Debug|Any CPU
		{2B931521-6FB2-41AF-A4C6-C2C08B248286}.Debug|x86.ActiveCfg = Debug|Any CPU
		{2B931521-6FB2-41AF-A4C6-C2C08B248286}.Debug|x86.Build.0 = Debug|Any CPU
		{2B931521-6FB2-41AF-A4C6-C2C08B248286}.Release|Any CPU.ActiveCfg = Release|Any CPU
		{2B931521-6FB2-41AF-A4C6-C2C08B248286}.Release|Any CPU.Build.0 = Release|Any CPU
		{2B931521-6FB2-41AF-A4C6-C2C08B248286}.Release|x64.ActiveCfg = Release|Any CPU
		{2B931521-6FB2-41AF-A4C6-C2C08B248286}.Release|x64.Build.0 = Release|Any CPU
		{2B931521-6FB2-41AF-A4C6-C2C08B248286}.Release|x86.ActiveCfg = Release|Any CPU
		{2B931521-6FB2-41AF-A4C6-C2C08B248286}.Release|x86.Build.0 = Release|Any CPU
		{AA303243-0DBF-4EFA-95F9-1E0B925CA0A7}.Debug|Any CPU.ActiveCfg = Debug|Any CPU
		{AA303243-0DBF-4EFA-95F9-1E0B925CA0A7}.Debug|Any CPU.Build.0 = Debug|Any CPU
		{AA303243-0DBF-4EFA-95F9-1E0B925CA0A7}.Debug|x64.ActiveCfg = Debug|Any CPU
		{AA303243-0DBF-4EFA-95F9-1E0B925CA0A7}.Debug|x64.Build.0 = Debug|Any CPU
		{AA303243-0DBF-4EFA-95F9-1E0B925CA0A7}.Debug|x86.ActiveCfg = Debug|Any CPU
		{AA303243-0DBF-4EFA-95F9-1E0B925CA0A7}.Debug|x86.Build.0 = Debug|Any CPU
		{AA303243-0DBF-4EFA-95F9-1E0B925CA0A7}.Release|Any CPU.ActiveCfg = Release|Any CPU
		{AA303243-0DBF-4EFA-95F9-1E0B925CA0A7}.Release|Any CPU.Build.0 = Release|Any CPU
		{AA303243-0DBF-4EFA-95F9-1E0B925CA0A7}.Release|x64.ActiveCfg = Release|Any CPU
		{AA303243-0DBF-4EFA-95F9-1E0B925CA0A7}.Release|x64.Build.0 = Release|Any CPU
		{AA303243-0DBF-4EFA-95F9-1E0B925CA0A7}.Release|x86.ActiveCfg = Release|Any CPU
		{AA303243-0DBF-4EFA-95F9-1E0B925CA0A7}.Release|x86.Build.0 = Release|Any CPU
		{B9D80619-429A-49F5-B3C0-A1BFEF2CC88A}.Debug|Any CPU.ActiveCfg = Debug|Any CPU
		{B9D80619-429A-49F5-B3C0-A1BFEF2CC88A}.Debug|Any CPU.Build.0 = Debug|Any CPU
		{B9D80619-429A-49F5-B3C0-A1BFEF2CC88A}.Debug|x64.ActiveCfg = Debug|Any CPU
		{B9D80619-429A-49F5-B3C0-A1BFEF2CC88A}.Debug|x64.Build.0 = Debug|Any CPU
		{B9D80619-429A-49F5-B3C0-A1BFEF2CC88A}.Debug|x86.ActiveCfg = Debug|Any CPU
		{B9D80619-429A-49F5-B3C0-A1BFEF2CC88A}.Debug|x86.Build.0 = Debug|Any CPU
		{B9D80619-429A-49F5-B3C0-A1BFEF2CC88A}.Release|Any CPU.ActiveCfg = Release|Any CPU
		{B9D80619-429A-49F5-B3C0-A1BFEF2CC88A}.Release|Any CPU.Build.0 = Release|Any CPU
		{B9D80619-429A-49F5-B3C0-A1BFEF2CC88A}.Release|x64.ActiveCfg = Release|Any CPU
		{B9D80619-429A-49F5-B3C0-A1BFEF2CC88A}.Release|x64.Build.0 = Release|Any CPU
		{B9D80619-429A-49F5-B3C0-A1BFEF2CC88A}.Release|x86.ActiveCfg = Release|Any CPU
		{B9D80619-429A-49F5-B3C0-A1BFEF2CC88A}.Release|x86.Build.0 = Release|Any CPU
		{D8095E55-E057-4ACB-8789-8569ED8EF6C5}.Debug|Any CPU.ActiveCfg = Debug|Any CPU
		{D8095E55-E057-4ACB-8789-8569ED8EF6C5}.Debug|Any CPU.Build.0 = Debug|Any CPU
		{D8095E55-E057-4ACB-8789-8569ED8EF6C5}.Debug|x64.ActiveCfg = Debug|Any CPU
		{D8095E55-E057-4ACB-8789-8569ED8EF6C5}.Debug|x64.Build.0 = Debug|Any CPU
		{D8095E55-E057-4ACB-8789-8569ED8EF6C5}.Debug|x86.ActiveCfg = Debug|Any CPU
		{D8095E55-E057-4ACB-8789-8569ED8EF6C5}.Debug|x86.Build.0 = Debug|Any CPU
		{D8095E55-E057-4ACB-8789-8569ED8EF6C5}.Release|Any CPU.ActiveCfg = Release|Any CPU
		{D8095E55-E057-4ACB-8789-8569ED8EF6C5}.Release|Any CPU.Build.0 = Release|Any CPU
		{D8095E55-E057-4ACB-8789-8569ED8EF6C5}.Release|x64.ActiveCfg = Release|Any CPU
		{D8095E55-E057-4ACB-8789-8569ED8EF6C5}.Release|x64.Build.0 = Release|Any CPU
		{D8095E55-E057-4ACB-8789-8569ED8EF6C5}.Release|x86.ActiveCfg = Release|Any CPU
		{D8095E55-E057-4ACB-8789-8569ED8EF6C5}.Release|x86.Build.0 = Release|Any CPU
		{13BB9EF8-4900-411B-9595-B66580E1D43B}.Debug|Any CPU.ActiveCfg = Debug|Any CPU
		{13BB9EF8-4900-411B-9595-B66580E1D43B}.Debug|Any CPU.Build.0 = Debug|Any CPU
		{13BB9EF8-4900-411B-9595-B66580E1D43B}.Debug|x64.ActiveCfg = Debug|Any CPU
		{13BB9EF8-4900-411B-9595-B66580E1D43B}.Debug|x64.Build.0 = Debug|Any CPU
		{13BB9EF8-4900-411B-9595-B66580E1D43B}.Debug|x86.ActiveCfg = Debug|Any CPU
		{13BB9EF8-4900-411B-9595-B66580E1D43B}.Debug|x86.Build.0 = Debug|Any CPU
		{13BB9EF8-4900-411B-9595-B66580E1D43B}.Release|Any CPU.ActiveCfg = Release|Any CPU
		{13BB9EF8-4900-411B-9595-B66580E1D43B}.Release|Any CPU.Build.0 = Release|Any CPU
		{13BB9EF8-4900-411B-9595-B66580E1D43B}.Release|x64.ActiveCfg = Release|Any CPU
		{13BB9EF8-4900-411B-9595-B66580E1D43B}.Release|x64.Build.0 = Release|Any CPU
		{13BB9EF8-4900-411B-9595-B66580E1D43B}.Release|x86.ActiveCfg = Release|Any CPU
		{13BB9EF8-4900-411B-9595-B66580E1D43B}.Release|x86.Build.0 = Release|Any CPU
		{EFFB8C21-B10A-47FD-9BD6-AF7CC2529D78}.Debug|Any CPU.ActiveCfg = Debug|Any CPU
		{EFFB8C21-B10A-47FD-9BD6-AF7CC2529D78}.Debug|Any CPU.Build.0 = Debug|Any CPU
		{EFFB8C21-B10A-47FD-9BD6-AF7CC2529D78}.Debug|x64.ActiveCfg = Debug|Any CPU
		{EFFB8C21-B10A-47FD-9BD6-AF7CC2529D78}.Debug|x64.Build.0 = Debug|Any CPU
		{EFFB8C21-B10A-47FD-9BD6-AF7CC2529D78}.Debug|x86.ActiveCfg = Debug|Any CPU
		{EFFB8C21-B10A-47FD-9BD6-AF7CC2529D78}.Debug|x86.Build.0 = Debug|Any CPU
		{EFFB8C21-B10A-47FD-9BD6-AF7CC2529D78}.Release|Any CPU.ActiveCfg = Release|Any CPU
		{EFFB8C21-B10A-47FD-9BD6-AF7CC2529D78}.Release|Any CPU.Build.0 = Release|Any CPU
		{EFFB8C21-B10A-47FD-9BD6-AF7CC2529D78}.Release|x64.ActiveCfg = Release|Any CPU
		{EFFB8C21-B10A-47FD-9BD6-AF7CC2529D78}.Release|x64.Build.0 = Release|Any CPU
		{EFFB8C21-B10A-47FD-9BD6-AF7CC2529D78}.Release|x86.ActiveCfg = Release|Any CPU
		{EFFB8C21-B10A-47FD-9BD6-AF7CC2529D78}.Release|x86.Build.0 = Release|Any CPU
		{2F89F4D3-67A1-4BA5-9086-91DF3791ABC6}.Debug|Any CPU.ActiveCfg = Debug|Any CPU
		{2F89F4D3-67A1-4BA5-9086-91DF3791ABC6}.Debug|Any CPU.Build.0 = Debug|Any CPU
		{2F89F4D3-67A1-4BA5-9086-91DF3791ABC6}.Debug|x64.ActiveCfg = Debug|Any CPU
		{2F89F4D3-67A1-4BA5-9086-91DF3791ABC6}.Debug|x64.Build.0 = Debug|Any CPU
		{2F89F4D3-67A1-4BA5-9086-91DF3791ABC6}.Debug|x86.ActiveCfg = Debug|Any CPU
		{2F89F4D3-67A1-4BA5-9086-91DF3791ABC6}.Debug|x86.Build.0 = Debug|Any CPU
		{2F89F4D3-67A1-4BA5-9086-91DF3791ABC6}.Release|Any CPU.ActiveCfg = Release|Any CPU
		{2F89F4D3-67A1-4BA5-9086-91DF3791ABC6}.Release|Any CPU.Build.0 = Release|Any CPU
		{2F89F4D3-67A1-4BA5-9086-91DF3791ABC6}.Release|x64.ActiveCfg = Release|Any CPU
		{2F89F4D3-67A1-4BA5-9086-91DF3791ABC6}.Release|x64.Build.0 = Release|Any CPU
		{2F89F4D3-67A1-4BA5-9086-91DF3791ABC6}.Release|x86.ActiveCfg = Release|Any CPU
		{2F89F4D3-67A1-4BA5-9086-91DF3791ABC6}.Release|x86.Build.0 = Release|Any CPU
		{3DF86A90-BD54-4180-A177-5F47C900ED53}.Debug|Any CPU.ActiveCfg = Debug|Any CPU
		{3DF86A90-BD54-4180-A177-5F47C900ED53}.Debug|Any CPU.Build.0 = Debug|Any CPU
		{3DF86A90-BD54-4180-A177-5F47C900ED53}.Debug|x64.ActiveCfg = Debug|Any CPU
		{3DF86A90-BD54-4180-A177-5F47C900ED53}.Debug|x64.Build.0 = Debug|Any CPU
		{3DF86A90-BD54-4180-A177-5F47C900ED53}.Debug|x86.ActiveCfg = Debug|Any CPU
		{3DF86A90-BD54-4180-A177-5F47C900ED53}.Debug|x86.Build.0 = Debug|Any CPU
		{3DF86A90-BD54-4180-A177-5F47C900ED53}.Release|Any CPU.ActiveCfg = Release|Any CPU
		{3DF86A90-BD54-4180-A177-5F47C900ED53}.Release|Any CPU.Build.0 = Release|Any CPU
		{3DF86A90-BD54-4180-A177-5F47C900ED53}.Release|x64.ActiveCfg = Release|Any CPU
		{3DF86A90-BD54-4180-A177-5F47C900ED53}.Release|x64.Build.0 = Release|Any CPU
		{3DF86A90-BD54-4180-A177-5F47C900ED53}.Release|x86.ActiveCfg = Release|Any CPU
		{3DF86A90-BD54-4180-A177-5F47C900ED53}.Release|x86.Build.0 = Release|Any CPU
	EndGlobalSection
	GlobalSection(SolutionProperties) = preSolution
		HideSolutionNode = FALSE
	EndGlobalSection
	GlobalSection(NestedProjects) = preSolution
		{2B931521-6FB2-41AF-A4C6-C2C08B248286} = {827E0CD3-B72D-47B6-A68D-7590B98EB39B}
		{AA303243-0DBF-4EFA-95F9-1E0B925CA0A7} = {827E0CD3-B72D-47B6-A68D-7590B98EB39B}
		{B9D80619-429A-49F5-B3C0-A1BFEF2CC88A} = {827E0CD3-B72D-47B6-A68D-7590B98EB39B}
		{D8095E55-E057-4ACB-8789-8569ED8EF6C5} = {827E0CD3-B72D-47B6-A68D-7590B98EB39B}
		{13BB9EF8-4900-411B-9595-B66580E1D43B} = {827E0CD3-B72D-47B6-A68D-7590B98EB39B}
		{EFFB8C21-B10A-47FD-9BD6-AF7CC2529D78} = {827E0CD3-B72D-47B6-A68D-7590B98EB39B}
		{2F89F4D3-67A1-4BA5-9086-91DF3791ABC6} = {0AB3BF05-4346-4AA6-1389-037BE0695223}
		{3DF86A90-BD54-4180-A177-5F47C900ED53} = {827E0CD3-B72D-47B6-A68D-7590B98EB39B}
	EndGlobalSection
EndGlobal
